<?xml version="1.0" encoding="UTF-8" standalone="yes" ?>
<CodeBlocks_project_file>
	<FileVersion major="1" minor="6" />
	<Project>
		<Option title="programmation_c" />
		<Option pch_mode="2" />
		<Option compiler="gcc" />
		<Build>
			<Target title="Debug">
				<Option output="bin/Debug/programmation_c" prefix_auto="1" extension_auto="1" />
				<Option object_output="obj/Debug/" />
				<Option type="1" />
				<Option compiler="gcc" />
				<Compiler>
					<Add option="-g" />
				</Compiler>
			</Target>
			<Target title="Release">
				<Option output="bin/Release/programmation_c" prefix_auto="1" extension_auto="1" />
				<Option object_output="obj/Release/" />
				<Option type="1" />
				<Option compiler="gcc" />
				<Compiler>
					<Add option="-O2" />
				</Compiler>
				<Linker>
					<Add option="-s" />
				</Linker>
			</Target>
		</Build>
		<Compiler>
			<Add option="-Wall" />
		</Compiler>
		<Unit filename="../../../Programmer_en_langage_C_LUDUS_F2_Modulaire_et_fichiers/Programmer_en_langage_C_LUDUS_F2_2019_2020-6417465fc722e3165e167dc20e3a5432b512e525/progamModulaireC/cercle.c">
			<Option compilerVar="CC" />
		</Unit>
		<Unit filename="../../../Programmer_en_langage_C_LUDUS_F2_Modulaire_et_fichiers/Programmer_en_langage_C_LUDUS_F2_2019_2020-6417465fc722e3165e167dc20e3a5432b512e525/progamModulaireC/cercle.h" />
		<Unit filename="../../../Programmer_en_langage_C_LUDUS_F2_Modulaire_et_fichiers/Programmer_en_langage_C_LUDUS_F2_2019_2020-6417465fc722e3165e167dc20e3a5432b512e525/progamModulaireC/define.h" />
		<Unit filename="../../../Programmer_en_langage_C_LUDUS_F2_Modulaire_et_fichiers/Programmer_en_langage_C_LUDUS_F2_2019_2020-6417465fc722e3165e167dc20e3a5432b512e525/progamModulaireC/droite.c">
			<Option compilerVar="CC" />
		</Unit>
		<Unit filename="../../../Programmer_en_langage_C_LUDUS_F2_Modulaire_et_fichiers/Programmer_en_langage_C_LUDUS_F2_2019_2020-6417465fc722e3165e167dc20e3a5432b512e525/progamModulaireC/droite.h" />
		<Unit filename="../../../Programmer_en_langage_C_LUDUS_F2_Modulaire_et_fichiers/Programmer_en_langage_C_LUDUS_F2_2019_2020-6417465fc722e3165e167dc20e3a5432b512e525/progamModulaireC/main.c">
			<Option compilerVar="CC" />
		</Unit>
		<Unit filename="../../../Programmer_en_langage_C_LUDUS_F2_Modulaire_et_fichiers/Programmer_en_langage_C_LUDUS_F2_2019_2020-6417465fc722e3165e167dc20e3a5432b512e525/progamModulaireC/point.c">
			<Option compilerVar="CC" />
		</Unit>
		<Unit filename="../../../Programmer_en_langage_C_LUDUS_F2_Modulaire_et_fichiers/Programmer_en_langage_C_LUDUS_F2_2019_2020-6417465fc722e3165e167dc20e3a5432b512e525/progamModulaireC/point.h" />
		<Unit filename="../../../Programmer_en_langage_C_LUDUS_F2_Modulaire_et_fichiers/Programmer_en_langage_C_LUDUS_F2_2019_2020-6417465fc722e3165e167dc20e3a5432b512e525/progamModulaireC/segment.c">
			<Option compilerVar="CC" />
		</Unit>
		<Unit filename="../../../Programmer_en_langage_C_LUDUS_F2_Modulaire_et_fichiers/Programmer_en_langage_C_LUDUS_F2_2019_2020-6417465fc722e3165e167dc20e3a5432b512e525/progamModulaireC/segment.h" />
		<Unit filename="../../../Programmer_en_langage_C_LUDUS_F2_Modulaire_et_fichiers/Programmer_en_langage_C_LUDUS_F2_2019_2020-6417465fc722e3165e167dc20e3a5432b512e525/progamModulaireC/vue.c">
			<Option compilerVar="CC" />
		</Unit>
		<Unit filename="../../../Programmer_en_langage_C_LUDUS_F2_Modulaire_et_fichiers/Programmer_en_langage_C_LUDUS_F2_2019_2020-6417465fc722e3165e167dc20e3a5432b512e525/progamModulaireC/vue.h" />
		<Extensions />
	</Project>
</CodeBlocks_project_file>
